
Microsoft Visual Studio Solution File, Format Version 12.00
# Visual Studio Version 16
VisualStudioVersion = 16.0.31702.278
MinimumVisualStudioVersion = 10.0.40219.1
Project("{FAE04EC0-301F-11D3-BF4B-00C04F79EFBC}") = "テスト", "テスト.csproj", "{E0DA40D3-C26E-4BF1-813D-2AD1D87E2CD2}"
EndProject
Global
	GlobalSection(SolutionConfigurationPlatforms) = preSolution
		Debug|Any CPU = Debug|Any CPU
		Release|Any CPU = Release|Any CPU
	EndGlobalSection
	GlobalSection(ProjectConfigurationPlatforms) = postSolution
		{E0DA40D3-C26E-4BF1-813D-2AD1D87E2CD2}.Debug|Any CPU.ActiveCfg = Debug|Any CPU
		{E0DA40D3-C26E-4BF1-813D-2AD1D87E2CD2}.Debug|Any CPU.Build.0 = Debug|Any CPU
		{E0DA40D3-C26E-4BF1-813D-2AD1D87E2CD2}.Release|Any CPU.ActiveCfg = Release|Any CPU
		{E0DA40D3-C26E-4BF1-813D-2AD1D87E2CD2}.Release|Any CPU.Build.0 = Release|Any CPU
	EndGlobalSection
	GlobalSection(SolutionProperties) = preSolution
		HideSolutionNode = FALSE
	EndGlobalSection
	GlobalSection(ExtensibilityGlobals) = postSolution
		SolutionGuid = {D0E35DA4-4FF4-4E91-A2A6-34F511FA2D4A}
	EndGlobalSection
EndGlobal
